
Microsoft Visual Studio Solution File, Format Version 12.00
# Visual Studio 15
Project("{FAE04EC0-301F-11D3-BF4B-00C04F79EFBC}") = "Assembly-CSharp", "Assembly-CSharp.csproj", "{1A56E9B4-7B2A-D6F8-7EBB-7E2B1E5315A7}"
EndProject
Project("{FAE04EC0-301F-11D3-BF4B-00C04F79EFBC}") = "Ink-Libraries", "Ink-Libraries.csproj", "{D55B9E11-23CD-25EB-AED0-0A4CDCA69C02}"
EndProject
Project("{FAE04EC0-301F-11D3-BF4B-00C04F79EFBC}") = "InkEditor", "InkEditor.csproj", "{FDA02B88-7AE6-3D06-2D87-DB407EEFAAD7}"
EndProject
Project("{FAE04EC0-301F-11D3-BF4B-00C04F79EFBC}") = "Assembly-CSharp-Editor", "Assembly-CSharp-Editor.csproj", "{A6A584B1-4266-8BA9-9AA6-ECD8194DC2EF}"
EndProject
Global
	GlobalSection(SolutionConfigurationPlatforms) = preSolution
		Debug|Any CPU = Debug|Any CPU
		Release|Any CPU = Release|Any CPU
	EndGlobalSection
	GlobalSection(ProjectConfigurationPlatforms) = postSolution
		{1A56E9B4-7B2A-D6F8-7EBB-7E2B1E5315A7}.Debug|Any CPU.ActiveCfg = Debug|Any CPU
		{1A56E9B4-7B2A-D6F8-7EBB-7E2B1E5315A7}.Debug|Any CPU.Build.0 = Debug|Any CPU
		{1A56E9B4-7B2A-D6F8-7EBB-7E2B1E5315A7}.Release|Any CPU.ActiveCfg = Release|Any CPU
		{1A56E9B4-7B2A-D6F8-7EBB-7E2B1E5315A7}.Release|Any CPU.Build.0 = Release|Any CPU
		{D55B9E11-23CD-25EB-AED0-0A4CDCA69C02}.Debug|Any CPU.ActiveCfg = Debug|Any CPU
		{D55B9E11-23CD-25EB-AED0-0A4CDCA69C02}.Debug|Any CPU.Build.0 = Debug|Any CPU
		{D55B9E11-23CD-25EB-AED0-0A4CDCA69C02}.Release|Any CPU.ActiveCfg = Release|Any CPU
		{D55B9E11-23CD-25EB-AED0-0A4CDCA69C02}.Release|Any CPU.Build.0 = Release|Any CPU
		{FDA02B88-7AE6-3D06-2D87-DB407EEFAAD7}.Debug|Any CPU.ActiveCfg = Debug|Any CPU
		{FDA02B88-7AE6-3D06-2D87-DB407EEFAAD7}.Debug|Any CPU.Build.0 = Debug|Any CPU
		{FDA02B88-7AE6-3D06-2D87-DB407EEFAAD7}.Release|Any CPU.ActiveCfg = Release|Any CPU
		{FDA02B88-7AE6-3D06-2D87-DB407EEFAAD7}.Release|Any CPU.Build.0 = Release|Any CPU
		{A6A584B1-4266-8BA9-9AA6-ECD8194DC2EF}.Debug|Any CPU.ActiveCfg = Debug|Any CPU
		{A6A584B1-4266-8BA9-9AA6-ECD8194DC2EF}.Debug|Any CPU.Build.0 = Debug|Any CPU
		{A6A584B1-4266-8BA9-9AA6-ECD8194DC2EF}.Release|Any CPU.ActiveCfg = Release|Any CPU
		{A6A584B1-4266-8BA9-9AA6-ECD8194DC2EF}.Release|Any CPU.Build.0 = Release|Any CPU
	EndGlobalSection
	GlobalSection(SolutionProperties) = preSolution
		HideSolutionNode = FALSE
	EndGlobalSection
EndGlobal
